
Microsoft Visual Studio Solution File, Format Version 12.00
# Visual Studio Version 16
VisualStudioVersion = 16.0.29609.76
MinimumVisualStudioVersion = 10.0.40219.1
Project("{9A19103F-16F7-4668-BE54-9A1E7A4F7556}") = "PaperWorks", "PaperWorks.csproj", "{7E22734E-1413-49B7-93EA-DA4B8BAF687E}"
EndProject
Project("{FAE04EC0-301F-11D3-BF4B-00C04F79EFBC}") = "Emailer", "..\Emailer\Emailer.csproj", "{497A6A12-78F5-4AF4-A9EE-7092DFA8E500}"
EndProject
Project("{FAE04EC0-301F-11D3-BF4B-00C04F79EFBC}") = "SMSer", "..\SMSer\SMSer.csproj", "{478CAC2C-8F93-43CD-A679-F8A4D4D8FB34}"
EndProject
Global
	GlobalSection(SolutionConfigurationPlatforms) = preSolution
		Debug|Any CPU = Debug|Any CPU
		Release|Any CPU = Release|Any CPU
	EndGlobalSection
	GlobalSection(ProjectConfigurationPlatforms) = postSolution
		{7E22734E-1413-49B7-93EA-DA4B8BAF687E}.Debug|Any CPU.ActiveCfg = Debug|Any CPU
		{7E22734E-1413-49B7-93EA-DA4B8BAF687E}.Debug|Any CPU.Build.0 = Debug|Any CPU
		{7E22734E-1413-49B7-93EA-DA4B8BAF687E}.Release|Any CPU.ActiveCfg = Release|Any CPU
		{7E22734E-1413-49B7-93EA-DA4B8BAF687E}.Release|Any CPU.Build.0 = Release|Any CPU
		{497A6A12-78F5-4AF4-A9EE-7092DFA8E500}.Debug|Any CPU.ActiveCfg = Debug|Any CPU
		{497A6A12-78F5-4AF4-A9EE-7092DFA8E500}.Debug|Any CPU.Build.0 = Debug|Any CPU
		{497A6A12-78F5-4AF4-A9EE-7092DFA8E500}.Release|Any CPU.ActiveCfg = Release|Any CPU
		{497A6A12-78F5-4AF4-A9EE-7092DFA8E500}.Release|Any CPU.Build.0 = Release|Any CPU
		{478CAC2C-8F93-43CD-A679-F8A4D4D8FB34}.Debug|Any CPU.ActiveCfg = Debug|Any CPU
		{478CAC2C-8F93-43CD-A679-F8A4D4D8FB34}.Debug|Any CPU.Build.0 = Debug|Any CPU
		{478CAC2C-8F93-43CD-A679-F8A4D4D8FB34}.Release|Any CPU.ActiveCfg = Release|Any CPU
		{478CAC2C-8F93-43CD-A679-F8A4D4D8FB34}.Release|Any CPU.Build.0 = Release|Any CPU
	EndGlobalSection
	GlobalSection(SolutionProperties) = preSolution
		HideSolutionNode = FALSE
	EndGlobalSection
	GlobalSection(ExtensibilityGlobals) = postSolution
		SolutionGuid = {A2BCCB0F-D7D8-4686-A1B8-E2CEB169775C}
	EndGlobalSection
EndGlobal
