
Microsoft Visual Studio Solution File, Format Version 12.00
# Visual Studio Version 16
VisualStudioVersion = 16.0.29609.76
MinimumVisualStudioVersion = 10.0.40219.1
Project("{9A19103F-16F7-4668-BE54-9A1E7A4F7556}") = "PaperWorks", "PaperWorks.csproj", "{7E22734E-1413-49B7-93EA-DA4B8BAF687E}"
EndProject
Project("{9A19103F-16F7-4668-BE54-9A1E7A4F7556}") = "Address", "..\Address\Address.csproj", "{E5F18C79-E725-43A9-A546-3AB7DE38E9BA}"
EndProject
Project("{9A19103F-16F7-4668-BE54-9A1E7A4F7556}") = "User", "..\User\User.csproj", "{8C3BD44F-E314-48F6-A3B0-A233EEBD4272}"
EndProject
Project("{9A19103F-16F7-4668-BE54-9A1E7A4F7556}") = "Fundamentals", "..\Fundamentals\Fundamentals.csproj", "{327F2B3D-1164-41C1-98BB-29FEB5248212}"
EndProject
Project("{9A19103F-16F7-4668-BE54-9A1E7A4F7556}") = "OrderAndPayments", "..\OrderAndPayments\OrderAndPayments.csproj", "{403524E3-96E8-4BE4-B078-BC986EB5DE53}"
EndProject
Project("{9A19103F-16F7-4668-BE54-9A1E7A4F7556}") = "Tax", "..\Tax\Tax.csproj", "{6F080329-DAC7-4FA1-B6F5-70624C65882D}"
EndProject
Project("{9A19103F-16F7-4668-BE54-9A1E7A4F7556}") = "Phone", "..\Phone\Phone.csproj", "{1193BB6A-9E2E-4C23-9604-B688E7844A79}"
EndProject
Project("{9A19103F-16F7-4668-BE54-9A1E7A4F7556}") = "Vault", "..\Vault\Vault.csproj", "{81C48BE4-3B75-4279-927F-D04D33D5558A}"
EndProject
Project("{9A19103F-16F7-4668-BE54-9A1E7A4F7556}") = "Messaging", "..\Messaging\Messaging.csproj", "{FB20C49C-8A94-44A0-B1C1-B73E0FA8140D}"
EndProject
Project("{9A19103F-16F7-4668-BE54-9A1E7A4F7556}") = "Email", "..\Email\Email.csproj", "{3C6900A7-EC2E-434E-B147-5628B3FD189B}"
EndProject
Project("{9A19103F-16F7-4668-BE54-9A1E7A4F7556}") = "CaseManagement", "..\CaseManagement\CaseManagement.csproj", "{A4D53425-8AB3-463C-9B9E-A29761C73088}"
EndProject
Project("{FAE04EC0-301F-11D3-BF4B-00C04F79EFBC}") = "Consultant", "..\Consultant\Consultant.csproj", "{D729F414-4F3A-4F25-B357-C1553A4ECEE0}"
EndProject
Global
	GlobalSection(SolutionConfigurationPlatforms) = preSolution
		Debug|Any CPU = Debug|Any CPU
		Debug|x64 = Debug|x64
		Release|Any CPU = Release|Any CPU
		Release|x64 = Release|x64
	EndGlobalSection
	GlobalSection(ProjectConfigurationPlatforms) = postSolution
		{7E22734E-1413-49B7-93EA-DA4B8BAF687E}.Debug|Any CPU.ActiveCfg = Debug|Any CPU
		{7E22734E-1413-49B7-93EA-DA4B8BAF687E}.Debug|Any CPU.Build.0 = Debug|Any CPU
		{7E22734E-1413-49B7-93EA-DA4B8BAF687E}.Debug|x64.ActiveCfg = Debug|x64
		{7E22734E-1413-49B7-93EA-DA4B8BAF687E}.Debug|x64.Build.0 = Debug|x64
		{7E22734E-1413-49B7-93EA-DA4B8BAF687E}.Release|Any CPU.ActiveCfg = Release|Any CPU
		{7E22734E-1413-49B7-93EA-DA4B8BAF687E}.Release|Any CPU.Build.0 = Release|Any CPU
		{7E22734E-1413-49B7-93EA-DA4B8BAF687E}.Release|x64.ActiveCfg = Release|x64
		{7E22734E-1413-49B7-93EA-DA4B8BAF687E}.Release|x64.Build.0 = Release|x64
		{E5F18C79-E725-43A9-A546-3AB7DE38E9BA}.Debug|Any CPU.ActiveCfg = Debug|Any CPU
		{E5F18C79-E725-43A9-A546-3AB7DE38E9BA}.Debug|Any CPU.Build.0 = Debug|Any CPU
		{E5F18C79-E725-43A9-A546-3AB7DE38E9BA}.Debug|x64.ActiveCfg = Debug|x64
		{E5F18C79-E725-43A9-A546-3AB7DE38E9BA}.Debug|x64.Build.0 = Debug|x64
		{E5F18C79-E725-43A9-A546-3AB7DE38E9BA}.Release|Any CPU.ActiveCfg = Release|Any CPU
		{E5F18C79-E725-43A9-A546-3AB7DE38E9BA}.Release|Any CPU.Build.0 = Release|Any CPU
		{E5F18C79-E725-43A9-A546-3AB7DE38E9BA}.Release|x64.ActiveCfg = Release|x64
		{E5F18C79-E725-43A9-A546-3AB7DE38E9BA}.Release|x64.Build.0 = Release|x64
		{8C3BD44F-E314-48F6-A3B0-A233EEBD4272}.Debug|Any CPU.ActiveCfg = Debug|Any CPU
		{8C3BD44F-E314-48F6-A3B0-A233EEBD4272}.Debug|Any CPU.Build.0 = Debug|Any CPU
		{8C3BD44F-E314-48F6-A3B0-A233EEBD4272}.Debug|x64.ActiveCfg = Debug|x64
		{8C3BD44F-E314-48F6-A3B0-A233EEBD4272}.Debug|x64.Build.0 = Debug|x64
		{8C3BD44F-E314-48F6-A3B0-A233EEBD4272}.Release|Any CPU.ActiveCfg = Release|Any CPU
		{8C3BD44F-E314-48F6-A3B0-A233EEBD4272}.Release|Any CPU.Build.0 = Release|Any CPU
		{8C3BD44F-E314-48F6-A3B0-A233EEBD4272}.Release|x64.ActiveCfg = Release|x64
		{8C3BD44F-E314-48F6-A3B0-A233EEBD4272}.Release|x64.Build.0 = Release|x64
		{327F2B3D-1164-41C1-98BB-29FEB5248212}.Debug|Any CPU.ActiveCfg = Debug|Any CPU
		{327F2B3D-1164-41C1-98BB-29FEB5248212}.Debug|Any CPU.Build.0 = Debug|Any CPU
		{327F2B3D-1164-41C1-98BB-29FEB5248212}.Debug|x64.ActiveCfg = Debug|x64
		{327F2B3D-1164-41C1-98BB-29FEB5248212}.Debug|x64.Build.0 = Debug|x64
		{327F2B3D-1164-41C1-98BB-29FEB5248212}.Release|Any CPU.ActiveCfg = Release|Any CPU
		{327F2B3D-1164-41C1-98BB-29FEB5248212}.Release|Any CPU.Build.0 = Release|Any CPU
		{327F2B3D-1164-41C1-98BB-29FEB5248212}.Release|x64.ActiveCfg = Release|x64
		{327F2B3D-1164-41C1-98BB-29FEB5248212}.Release|x64.Build.0 = Release|x64
		{403524E3-96E8-4BE4-B078-BC986EB5DE53}.Debug|Any CPU.ActiveCfg = Debug|Any CPU
		{403524E3-96E8-4BE4-B078-BC986EB5DE53}.Debug|Any CPU.Build.0 = Debug|Any CPU
		{403524E3-96E8-4BE4-B078-BC986EB5DE53}.Debug|x64.ActiveCfg = Debug|x64
		{403524E3-96E8-4BE4-B078-BC986EB5DE53}.Debug|x64.Build.0 = Debug|x64
		{403524E3-96E8-4BE4-B078-BC986EB5DE53}.Release|Any CPU.ActiveCfg = Release|Any CPU
		{403524E3-96E8-4BE4-B078-BC986EB5DE53}.Release|Any CPU.Build.0 = Release|Any CPU
		{403524E3-96E8-4BE4-B078-BC986EB5DE53}.Release|x64.ActiveCfg = Release|x64
		{403524E3-96E8-4BE4-B078-BC986EB5DE53}.Release|x64.Build.0 = Release|x64
		{6F080329-DAC7-4FA1-B6F5-70624C65882D}.Debug|Any CPU.ActiveCfg = Debug|Any CPU
		{6F080329-DAC7-4FA1-B6F5-70624C65882D}.Debug|Any CPU.Build.0 = Debug|Any CPU
		{6F080329-DAC7-4FA1-B6F5-70624C65882D}.Debug|x64.ActiveCfg = Debug|x64
		{6F080329-DAC7-4FA1-B6F5-70624C65882D}.Debug|x64.Build.0 = Debug|x64
		{6F080329-DAC7-4FA1-B6F5-70624C65882D}.Release|Any CPU.ActiveCfg = Release|Any CPU
		{6F080329-DAC7-4FA1-B6F5-70624C65882D}.Release|Any CPU.Build.0 = Release|Any CPU
		{6F080329-DAC7-4FA1-B6F5-70624C65882D}.Release|x64.ActiveCfg = Release|x64
		{6F080329-DAC7-4FA1-B6F5-70624C65882D}.Release|x64.Build.0 = Release|x64
		{1193BB6A-9E2E-4C23-9604-B688E7844A79}.Debug|Any CPU.ActiveCfg = Debug|Any CPU
		{1193BB6A-9E2E-4C23-9604-B688E7844A79}.Debug|Any CPU.Build.0 = Debug|Any CPU
		{1193BB6A-9E2E-4C23-9604-B688E7844A79}.Debug|x64.ActiveCfg = Debug|x64
		{1193BB6A-9E2E-4C23-9604-B688E7844A79}.Debug|x64.Build.0 = Debug|x64
		{1193BB6A-9E2E-4C23-9604-B688E7844A79}.Release|Any CPU.ActiveCfg = Release|Any CPU
		{1193BB6A-9E2E-4C23-9604-B688E7844A79}.Release|Any CPU.Build.0 = Release|Any CPU
		{1193BB6A-9E2E-4C23-9604-B688E7844A79}.Release|x64.ActiveCfg = Release|x64
		{1193BB6A-9E2E-4C23-9604-B688E7844A79}.Release|x64.Build.0 = Release|x64
		{81C48BE4-3B75-4279-927F-D04D33D5558A}.Debug|Any CPU.ActiveCfg = Debug|Any CPU
		{81C48BE4-3B75-4279-927F-D04D33D5558A}.Debug|Any CPU.Build.0 = Debug|Any CPU
		{81C48BE4-3B75-4279-927F-D04D33D5558A}.Debug|x64.ActiveCfg = Debug|Any CPU
		{81C48BE4-3B75-4279-927F-D04D33D5558A}.Debug|x64.Build.0 = Debug|Any CPU
		{81C48BE4-3B75-4279-927F-D04D33D5558A}.Release|Any CPU.ActiveCfg = Release|Any CPU
		{81C48BE4-3B75-4279-927F-D04D33D5558A}.Release|Any CPU.Build.0 = Release|Any CPU
		{81C48BE4-3B75-4279-927F-D04D33D5558A}.Release|x64.ActiveCfg = Release|Any CPU
		{81C48BE4-3B75-4279-927F-D04D33D5558A}.Release|x64.Build.0 = Release|Any CPU
		{FB20C49C-8A94-44A0-B1C1-B73E0FA8140D}.Debug|Any CPU.ActiveCfg = Debug|Any CPU
		{FB20C49C-8A94-44A0-B1C1-B73E0FA8140D}.Debug|Any CPU.Build.0 = Debug|Any CPU
		{FB20C49C-8A94-44A0-B1C1-B73E0FA8140D}.Debug|x64.ActiveCfg = Debug|Any CPU
		{FB20C49C-8A94-44A0-B1C1-B73E0FA8140D}.Debug|x64.Build.0 = Debug|Any CPU
		{FB20C49C-8A94-44A0-B1C1-B73E0FA8140D}.Release|Any CPU.ActiveCfg = Release|Any CPU
		{FB20C49C-8A94-44A0-B1C1-B73E0FA8140D}.Release|Any CPU.Build.0 = Release|Any CPU
		{FB20C49C-8A94-44A0-B1C1-B73E0FA8140D}.Release|x64.ActiveCfg = Release|Any CPU
		{FB20C49C-8A94-44A0-B1C1-B73E0FA8140D}.Release|x64.Build.0 = Release|Any CPU
		{3C6900A7-EC2E-434E-B147-5628B3FD189B}.Debug|Any CPU.ActiveCfg = Debug|Any CPU
		{3C6900A7-EC2E-434E-B147-5628B3FD189B}.Debug|Any CPU.Build.0 = Debug|Any CPU
		{3C6900A7-EC2E-434E-B147-5628B3FD189B}.Debug|x64.ActiveCfg = Debug|Any CPU
		{3C6900A7-EC2E-434E-B147-5628B3FD189B}.Debug|x64.Build.0 = Debug|Any CPU
		{3C6900A7-EC2E-434E-B147-5628B3FD189B}.Release|Any CPU.ActiveCfg = Release|Any CPU
		{3C6900A7-EC2E-434E-B147-5628B3FD189B}.Release|Any CPU.Build.0 = Release|Any CPU
		{3C6900A7-EC2E-434E-B147-5628B3FD189B}.Release|x64.ActiveCfg = Release|Any CPU
		{3C6900A7-EC2E-434E-B147-5628B3FD189B}.Release|x64.Build.0 = Release|Any CPU
		{A4D53425-8AB3-463C-9B9E-A29761C73088}.Debug|Any CPU.ActiveCfg = Debug|Any CPU
		{A4D53425-8AB3-463C-9B9E-A29761C73088}.Debug|Any CPU.Build.0 = Debug|Any CPU
		{A4D53425-8AB3-463C-9B9E-A29761C73088}.Debug|x64.ActiveCfg = Debug|Any CPU
		{A4D53425-8AB3-463C-9B9E-A29761C73088}.Debug|x64.Build.0 = Debug|Any CPU
		{A4D53425-8AB3-463C-9B9E-A29761C73088}.Release|Any CPU.ActiveCfg = Release|Any CPU
		{A4D53425-8AB3-463C-9B9E-A29761C73088}.Release|Any CPU.Build.0 = Release|Any CPU
		{A4D53425-8AB3-463C-9B9E-A29761C73088}.Release|x64.ActiveCfg = Release|Any CPU
		{A4D53425-8AB3-463C-9B9E-A29761C73088}.Release|x64.Build.0 = Release|Any CPU
		{D729F414-4F3A-4F25-B357-C1553A4ECEE0}.Debug|Any CPU.ActiveCfg = Debug|Any CPU
		{D729F414-4F3A-4F25-B357-C1553A4ECEE0}.Debug|Any CPU.Build.0 = Debug|Any CPU
		{D729F414-4F3A-4F25-B357-C1553A4ECEE0}.Debug|x64.ActiveCfg = Debug|Any CPU
		{D729F414-4F3A-4F25-B357-C1553A4ECEE0}.Debug|x64.Build.0 = Debug|Any CPU
		{D729F414-4F3A-4F25-B357-C1553A4ECEE0}.Release|Any CPU.ActiveCfg = Release|Any CPU
		{D729F414-4F3A-4F25-B357-C1553A4ECEE0}.Release|Any CPU.Build.0 = Release|Any CPU
		{D729F414-4F3A-4F25-B357-C1553A4ECEE0}.Release|x64.ActiveCfg = Release|Any CPU
		{D729F414-4F3A-4F25-B357-C1553A4ECEE0}.Release|x64.Build.0 = Release|Any CPU
	EndGlobalSection
	GlobalSection(SolutionProperties) = preSolution
		HideSolutionNode = FALSE
	EndGlobalSection
	GlobalSection(ExtensibilityGlobals) = postSolution
		SolutionGuid = {A2BCCB0F-D7D8-4686-A1B8-E2CEB169775C}
	EndGlobalSection
EndGlobal
